Microsoft Visual Studio Solution File, Format Version 12.00
# Visual Studio Version 17
VisualStudioVersion = 17.5.2.0
MinimumVisualStudioVersion = 10.0.40219.1
Project("{FAE04EC0-301F-11D3-BF4B-00C04F79EFBC}") = "NewJornalApp", "NewJornalApp\NewJornalApp.csproj", "{13EFDD4B-19CB-9CA0-EEDB-4244B4AB98D8}"
EndProject
Global
	GlobalSection(SolutionConfigurationPlatforms) = preSolution
		Debug|Any CPU = Debug|Any CPU
		Release|Any CPU = Release|Any CPU
	EndGlobalSection
	GlobalSection(ProjectConfigurationPlatforms) = postSolution
		{13EFDD4B-19CB-9CA0-EEDB-4244B4AB98D8}.Debug|Any CPU.ActiveCfg = Debug|Any CPU
		{13EFDD4B-19CB-9CA0-EEDB-4244B4AB98D8}.Debug|Any CPU.Build.0 = Debug|Any CPU
		{13EFDD4B-19CB-9CA0-EEDB-4244B4AB98D8}.Release|Any CPU.ActiveCfg = Release|Any CPU
		{13EFDD4B-19CB-9CA0-EEDB-4244B4AB98D8}.Release|Any CPU.Build.0 = Release|Any CPU
	EndGlobalSection
	GlobalSection(SolutionProperties) = preSolution
		HideSolutionNode = FALSE
	EndGlobalSection
	GlobalSection(ExtensibilityGlobals) = postSolution
		SolutionGuid = {3D4C06D6-F0F2-413B-9D9B-09F29B44B0FB}
	EndGlobalSection
EndGlobal
